
Microsoft Visual Studio Solution File, Format Version 12.00
# Visual Studio 2013
VisualStudioVersion = 12.0.21005.1
MinimumVisualStudioVersion = 10.0.40219.1
Project("{FAE04EC0-301F-11D3-BF4B-00C04F79EFBC}") = "POS.BusinessLogic", "POS.BusinessLogic\POS.BusinessLogic.csproj", "{5F6AED3C-6DDA-4AD8-956E-373680F1DFBC}"
EndProject
Project("{FAE04EC0-301F-11D3-BF4B-00C04F79EFBC}") = "POS.UI", "POS.UI\POS.UI.csproj", "{85957EF5-A815-4C0F-8A16-0B815BE86725}"
EndProject
Project("{FAE04EC0-301F-11D3-BF4B-00C04F79EFBC}") = "POS.DAO", "POS.DAO\POS.DAO.csproj", "{3650C8A9-8662-4EB7-97A2-A760E5EF093D}"
EndProject
Global
	GlobalSection(SolutionConfigurationPlatforms) = preSolution
		Debug|Any CPU = Debug|Any CPU
		Release|Any CPU = Release|Any CPU
	EndGlobalSection
	GlobalSection(ProjectConfigurationPlatforms) = postSolution
		{5F6AED3C-6DDA-4AD8-956E-373680F1DFBC}.Debug|Any CPU.ActiveCfg = Debug|Any CPU
		{5F6AED3C-6DDA-4AD8-956E-373680F1DFBC}.Debug|Any CPU.Build.0 = Debug|Any CPU
		{5F6AED3C-6DDA-4AD8-956E-373680F1DFBC}.Release|Any CPU.ActiveCfg = Release|Any CPU
		{5F6AED3C-6DDA-4AD8-956E-373680F1DFBC}.Release|Any CPU.Build.0 = Release|Any CPU
		{85957EF5-A815-4C0F-8A16-0B815BE86725}.Debug|Any CPU.ActiveCfg = Debug|Any CPU
		{85957EF5-A815-4C0F-8A16-0B815BE86725}.Debug|Any CPU.Build.0 = Debug|Any CPU
		{85957EF5-A815-4C0F-8A16-0B815BE86725}.Release|Any CPU.ActiveCfg = Release|Any CPU
		{85957EF5-A815-4C0F-8A16-0B815BE86725}.Release|Any CPU.Build.0 = Release|Any CPU
		{3650C8A9-8662-4EB7-97A2-A760E5EF093D}.Debug|Any CPU.ActiveCfg = Debug|Any CPU
		{3650C8A9-8662-4EB7-97A2-A760E5EF093D}.Debug|Any CPU.Build.0 = Debug|Any CPU
		{3650C8A9-8662-4EB7-97A2-A760E5EF093D}.Release|Any CPU.ActiveCfg = Release|Any CPU
		{3650C8A9-8662-4EB7-97A2-A760E5EF093D}.Release|Any CPU.Build.0 = Release|Any CPU
	EndGlobalSection
	GlobalSection(SolutionProperties) = preSolution
		HideSolutionNode = FALSE
	EndGlobalSection
EndGlobal
